{
  "name": "@flowbuild/redux-toolkit-workflow-manager",
  "version": "1.4.4",
  "lockfileVersion": 2,
  "requires": true,
  "packages": {
    "": {
      "name": "@flowbuild/redux-toolkit-workflow-manager",
      "version": "1.4.4",
      "license": "ISC",
      "dependencies": {
        "@callstack/async-storage": "^2.0.3",
        "@reduxjs/toolkit": "^1.6.0",
        "jwt-decode": "^3.1.2",
        "paho-mqtt": "^1.1.0",
        "react-redux": "^7.2.4"
      },
      "peerDependencies": {
        "react": "^17.0.1",
        "react-dom": "^17.0.1"
      }
    },
    "node_modules/@babel/runtime": {
      "version": "7.14.6",
      "resolved": "https://registry.npmjs.org/@babel/runtime/-/runtime-7.14.6.tgz",
      "integrity": "sha512-/PCB2uJ7oM44tz8YhC4Z/6PeOKXp4K588f+5M3clr1M4zbqztlo0XEfJ2LEzj/FgwfgGcIdl8n7YYjTCI0BYwg==",
      "dependencies": {
        "regenerator-runtime": "^0.13.4"
      },
      "engines": {
        "node": ">=6.9.0"
      }
    },
    "node_modules/@callstack/async-storage": {
      "version": "2.0.3",
      "resolved": "https://registry.npmjs.org/@callstack/async-storage/-/async-storage-2.0.3.tgz",
      "integrity": "sha512-JK/cV/nRHdYDdBmT0GZ7otywZXFNpWMuzjkGgeyhd/Pc+alpaSspg73U6lxFBM5ndnY+T1iQ3RSfUZl3QG+nwQ==",
      "dependencies": {
        "lodash.merge": "^4.6.0"
      },
      "peerDependencies": {
        "@react-native-community/async-storage": "^1.5.0"
      }
    },
    "node_modules/@reduxjs/toolkit": {
      "version": "1.6.0",
      "resolved": "https://registry.npmjs.org/@reduxjs/toolkit/-/toolkit-1.6.0.tgz",
      "integrity": "sha512-eGL50G+Vj5AG5uD0lineb6rRtbs96M8+hxbcwkHpZ8LQcmt0Bm33WyBSnj5AweLkjQ7ZP+KFRDHiLMznljRQ3A==",
      "dependencies": {
        "immer": "^9.0.1",
        "redux": "^4.1.0",
        "redux-thunk": "^2.3.0",
        "reselect": "^4.0.0"
      },
      "peerDependencies": {
        "react": "^16.14.0 || ^17.0.0",
        "react-redux": "^7.2.1"
      },
      "peerDependenciesMeta": {
        "react": {
          "optional": true
        },
        "react-redux": {
          "optional": true
        }
      }
    },
    "node_modules/@types/hoist-non-react-statics": {
      "version": "3.3.1",
      "resolved": "https://registry.npmjs.org/@types/hoist-non-react-statics/-/hoist-non-react-statics-3.3.1.tgz",
      "integrity": "sha512-iMIqiko6ooLrTh1joXodJK5X9xeEALT1kM5G3ZLhD3hszxBdIEd5C75U834D9mLcINgD4OyZf5uQXjkuYydWvA==",
      "dependencies": {
        "@types/react": "*",
        "hoist-non-react-statics": "^3.3.0"
      }
    },
    "node_modules/@types/prop-types": {
      "version": "15.7.3",
      "resolved": "https://registry.npmjs.org/@types/prop-types/-/prop-types-15.7.3.tgz",
      "integrity": "sha512-KfRL3PuHmqQLOG+2tGpRO26Ctg+Cq1E01D2DMriKEATHgWLfeNDmq9e29Q9WIky0dQ3NPkd1mzYH8Lm936Z9qw=="
    },
    "node_modules/@types/react": {
      "version": "17.0.11",
      "resolved": "https://registry.npmjs.org/@types/react/-/react-17.0.11.tgz",
      "integrity": "sha512-yFRQbD+whVonItSk7ZzP/L+gPTJVBkL/7shLEF+i9GC/1cV3JmUxEQz6+9ylhUpWSDuqo1N9qEvqS6vTj4USUA==",
      "dependencies": {
        "@types/prop-types": "*",
        "@types/scheduler": "*",
        "csstype": "^3.0.2"
      }
    },
    "node_modules/@types/react-redux": {
      "version": "7.1.16",
      "resolved": "https://registry.npmjs.org/@types/react-redux/-/react-redux-7.1.16.tgz",
      "integrity": "sha512-f/FKzIrZwZk7YEO9E1yoxIuDNRiDducxkFlkw/GNMGEnK9n4K8wJzlJBghpSuOVDgEUHoDkDF7Gi9lHNQR4siw==",
      "dependencies": {
        "@types/hoist-non-react-statics": "^3.3.0",
        "@types/react": "*",
        "hoist-non-react-statics": "^3.3.0",
        "redux": "^4.0.0"
      }
    },
    "node_modules/@types/scheduler": {
      "version": "0.16.1",
      "resolved": "https://registry.npmjs.org/@types/scheduler/-/scheduler-0.16.1.tgz",
      "integrity": "sha512-EaCxbanVeyxDRTQBkdLb3Bvl/HK7PBK6UJjsSixB0iHKoWxE5uu2Q/DgtpOhPIojN0Zl1whvOd7PoHs2P0s5eA=="
    },
    "node_modules/csstype": {
      "version": "3.0.8",
      "resolved": "https://registry.npmjs.org/csstype/-/csstype-3.0.8.tgz",
      "integrity": "sha512-jXKhWqXPmlUeoQnF/EhTtTl4C9SnrxSH/jZUih3jmO6lBKr99rP3/+FmrMj4EFpOXzMtXHAZkd3x0E6h6Fgflw=="
    },
    "node_modules/hoist-non-react-statics": {
      "version": "3.3.2",
      "resolved": "https://registry.npmjs.org/hoist-non-react-statics/-/hoist-non-react-statics-3.3.2.tgz",
      "integrity": "sha512-/gGivxi8JPKWNm/W0jSmzcMPpfpPLc3dY/6GxhX2hQ9iGj3aDfklV4ET7NjKpSinLpJ5vafa9iiGIEZg10SfBw==",
      "dependencies": {
        "react-is": "^16.7.0"
      }
    },
    "node_modules/immer": {
      "version": "9.0.3",
      "resolved": "https://registry.npmjs.org/immer/-/immer-9.0.3.tgz",
      "integrity": "sha512-mONgeNSMuyjIe0lkQPa9YhdmTv8P19IeHV0biYhcXhbd5dhdB9HSK93zBpyKjp6wersSUgT5QyU0skmejUVP2A==",
      "funding": {
        "type": "opencollective",
        "url": "https://opencollective.com/immer"
      }
    },
    "node_modules/js-tokens": {
      "version": "4.0.0",
      "resolved": "https://registry.npmjs.org/js-tokens/-/js-tokens-4.0.0.tgz",
      "integrity": "sha512-RdJUflcE3cUzKiMqQgsCu06FPu9UdIJO0beYbPhHN4k6apgJtifcoCtT9bcxOpYBtpD2kCM6Sbzg4CausW/PKQ=="
    },
    "node_modules/jwt-decode": {
      "version": "3.1.2",
      "resolved": "https://registry.npmjs.org/jwt-decode/-/jwt-decode-3.1.2.tgz",
      "integrity": "sha512-UfpWE/VZn0iP50d8cz9NrZLM9lSWhcJ+0Gt/nm4by88UL+J1SiKN8/5dkjMmbEzwL2CAe+67GsegCbIKtbp75A=="
    },
    "node_modules/lodash.merge": {
      "version": "4.6.2",
      "resolved": "https://registry.npmjs.org/lodash.merge/-/lodash.merge-4.6.2.tgz",
      "integrity": "sha512-0KpjqXRVvrYyCsX1swR/XTK0va6VQkQM6MNo7PqW77ByjAhoARA8EfrP1N4+KlKj8YS0ZUCtRT/YUuhyYDujIQ=="
    },
    "node_modules/loose-envify": {
      "version": "1.4.0",
      "resolved": "https://registry.npmjs.org/loose-envify/-/loose-envify-1.4.0.tgz",
      "integrity": "sha512-lyuxPGr/Wfhrlem2CL/UcnUc1zcqKAImBDzukY7Y5F/yQiNdko6+fRLevlw1HgMySw7f611UIY408EtxRSoK3Q==",
      "dependencies": {
        "js-tokens": "^3.0.0 || ^4.0.0"
      },
      "bin": {
        "loose-envify": "cli.js"
      }
    },
    "node_modules/object-assign": {
      "version": "4.1.1",
      "resolved": "https://registry.npmjs.org/object-assign/-/object-assign-4.1.1.tgz",
      "integrity": "sha1-IQmtx5ZYh8/AXLvUQsrIv7s2CGM=",
      "engines": {
        "node": ">=0.10.0"
      }
    },
    "node_modules/paho-mqtt": {
      "version": "1.1.0",
      "resolved": "https://registry.npmjs.org/paho-mqtt/-/paho-mqtt-1.1.0.tgz",
      "integrity": "sha512-KPbL9KAB0ASvhSDbOrZBaccXS+/s7/LIofbPyERww8hM5Ko71GUJQ6Nmg0BWqj8phAIT8zdf/Sd/RftHU9i2HA=="
    },
    "node_modules/prop-types": {
      "version": "15.7.2",
      "resolved": "https://registry.npmjs.org/prop-types/-/prop-types-15.7.2.tgz",
      "integrity": "sha512-8QQikdH7//R2vurIJSutZ1smHYTcLpRWEOlHnzcWHmBYrOGUysKwSsrC89BCiFj3CbrfJ/nXFdJepOVrY1GCHQ==",
      "dependencies": {
        "loose-envify": "^1.4.0",
        "object-assign": "^4.1.1",
        "react-is": "^16.8.1"
      }
    },
    "node_modules/react-is": {
      "version": "16.13.1",
      "resolved": "https://registry.npmjs.org/react-is/-/react-is-16.13.1.tgz",
      "integrity": "sha512-24e6ynE2H+OKt4kqsOvNd8kBpV65zoxbA4BVsEOB3ARVWQki/DHzaUoC5KuON/BiccDaCCTZBuOcfZs70kR8bQ=="
    },
    "node_modules/react-redux": {
      "version": "7.2.4",
      "resolved": "https://registry.npmjs.org/react-redux/-/react-redux-7.2.4.tgz",
      "integrity": "sha512-hOQ5eOSkEJEXdpIKbnRyl04LhaWabkDPV+Ix97wqQX3T3d2NQ8DUblNXXtNMavc7DpswyQM6xfaN4HQDKNY2JA==",
      "dependencies": {
        "@babel/runtime": "^7.12.1",
        "@types/react-redux": "^7.1.16",
        "hoist-non-react-statics": "^3.3.2",
        "loose-envify": "^1.4.0",
        "prop-types": "^15.7.2",
        "react-is": "^16.13.1"
      },
      "peerDependencies": {
        "react": "^16.8.3 || ^17"
      },
      "peerDependenciesMeta": {
        "react-dom": {
          "optional": true
        },
        "react-native": {
          "optional": true
        }
      }
    },
    "node_modules/redux": {
      "version": "4.1.0",
      "resolved": "https://registry.npmjs.org/redux/-/redux-4.1.0.tgz",
      "integrity": "sha512-uI2dQN43zqLWCt6B/BMGRMY6db7TTY4qeHHfGeKb3EOhmOKjU3KdWvNLJyqaHRksv/ErdNH7cFZWg9jXtewy4g==",
      "dependencies": {
        "@babel/runtime": "^7.9.2"
      }
    },
    "node_modules/redux-thunk": {
      "version": "2.3.0",
      "resolved": "https://registry.npmjs.org/redux-thunk/-/redux-thunk-2.3.0.tgz",
      "integrity": "sha512-km6dclyFnmcvxhAcrQV2AkZmPQjzPDjgVlQtR0EQjxZPyJ0BnMf3in1ryuR8A2qU0HldVRfxYXbFSKlI3N7Slw=="
    },
    "node_modules/regenerator-runtime": {
      "version": "0.13.7",
      "resolved": "https://registry.npmjs.org/regenerator-runtime/-/regenerator-runtime-0.13.7.tgz",
      "integrity": "sha512-a54FxoJDIr27pgf7IgeQGxmqUNYrcV338lf/6gH456HZ/PhX+5BcwHXG9ajESmwe6WRO0tAzRUrRmNONWgkrew=="
    },
    "node_modules/reselect": {
      "version": "4.0.0",
      "resolved": "https://registry.npmjs.org/reselect/-/reselect-4.0.0.tgz",
      "integrity": "sha512-qUgANli03jjAyGlnbYVAV5vvnOmJnODyABz51RdBN7M4WaVu8mecZWgyQNkG8Yqe3KRGRt0l4K4B3XVEULC4CA=="
    }
  },
  "dependencies": {
    "@babel/runtime": {
      "version": "7.14.6",
      "resolved": "https://registry.npmjs.org/@babel/runtime/-/runtime-7.14.6.tgz",
      "integrity": "sha512-/PCB2uJ7oM44tz8YhC4Z/6PeOKXp4K588f+5M3clr1M4zbqztlo0XEfJ2LEzj/FgwfgGcIdl8n7YYjTCI0BYwg==",
      "requires": {
        "regenerator-runtime": "^0.13.4"
      }
    },
    "@callstack/async-storage": {
      "version": "2.0.3",
      "resolved": "https://registry.npmjs.org/@callstack/async-storage/-/async-storage-2.0.3.tgz",
      "integrity": "sha512-JK/cV/nRHdYDdBmT0GZ7otywZXFNpWMuzjkGgeyhd/Pc+alpaSspg73U6lxFBM5ndnY+T1iQ3RSfUZl3QG+nwQ==",
      "requires": {
        "lodash.merge": "^4.6.0"
      }
    },
    "@reduxjs/toolkit": {
      "version": "1.6.0",
      "resolved": "https://registry.npmjs.org/@reduxjs/toolkit/-/toolkit-1.6.0.tgz",
      "integrity": "sha512-eGL50G+Vj5AG5uD0lineb6rRtbs96M8+hxbcwkHpZ8LQcmt0Bm33WyBSnj5AweLkjQ7ZP+KFRDHiLMznljRQ3A==",
      "requires": {
        "immer": "^9.0.1",
        "redux": "^4.1.0",
        "redux-thunk": "^2.3.0",
        "reselect": "^4.0.0"
      }
    },
    "@types/hoist-non-react-statics": {
      "version": "3.3.1",
      "resolved": "https://registry.npmjs.org/@types/hoist-non-react-statics/-/hoist-non-react-statics-3.3.1.tgz",
      "integrity": "sha512-iMIqiko6ooLrTh1joXodJK5X9xeEALT1kM5G3ZLhD3hszxBdIEd5C75U834D9mLcINgD4OyZf5uQXjkuYydWvA==",
      "requires": {
        "@types/react": "*",
        "hoist-non-react-statics": "^3.3.0"
      }
    },
    "@types/prop-types": {
      "version": "15.7.3",
      "resolved": "https://registry.npmjs.org/@types/prop-types/-/prop-types-15.7.3.tgz",
      "integrity": "sha512-KfRL3PuHmqQLOG+2tGpRO26Ctg+Cq1E01D2DMriKEATHgWLfeNDmq9e29Q9WIky0dQ3NPkd1mzYH8Lm936Z9qw=="
    },
    "@types/react": {
      "version": "17.0.11",
      "resolved": "https://registry.npmjs.org/@types/react/-/react-17.0.11.tgz",
      "integrity": "sha512-yFRQbD+whVonItSk7ZzP/L+gPTJVBkL/7shLEF+i9GC/1cV3JmUxEQz6+9ylhUpWSDuqo1N9qEvqS6vTj4USUA==",
      "requires": {
        "@types/prop-types": "*",
        "@types/scheduler": "*",
        "csstype": "^3.0.2"
      }
    },
    "@types/react-redux": {
      "version": "7.1.16",
      "resolved": "https://registry.npmjs.org/@types/react-redux/-/react-redux-7.1.16.tgz",
      "integrity": "sha512-f/FKzIrZwZk7YEO9E1yoxIuDNRiDducxkFlkw/GNMGEnK9n4K8wJzlJBghpSuOVDgEUHoDkDF7Gi9lHNQR4siw==",
      "requires": {
        "@types/hoist-non-react-statics": "^3.3.0",
        "@types/react": "*",
        "hoist-non-react-statics": "^3.3.0",
        "redux": "^4.0.0"
      }
    },
    "@types/scheduler": {
      "version": "0.16.1",
      "resolved": "https://registry.npmjs.org/@types/scheduler/-/scheduler-0.16.1.tgz",
      "integrity": "sha512-EaCxbanVeyxDRTQBkdLb3Bvl/HK7PBK6UJjsSixB0iHKoWxE5uu2Q/DgtpOhPIojN0Zl1whvOd7PoHs2P0s5eA=="
    },
    "csstype": {
      "version": "3.0.8",
      "resolved": "https://registry.npmjs.org/csstype/-/csstype-3.0.8.tgz",
      "integrity": "sha512-jXKhWqXPmlUeoQnF/EhTtTl4C9SnrxSH/jZUih3jmO6lBKr99rP3/+FmrMj4EFpOXzMtXHAZkd3x0E6h6Fgflw=="
    },
    "hoist-non-react-statics": {
      "version": "3.3.2",
      "resolved": "https://registry.npmjs.org/hoist-non-react-statics/-/hoist-non-react-statics-3.3.2.tgz",
      "integrity": "sha512-/gGivxi8JPKWNm/W0jSmzcMPpfpPLc3dY/6GxhX2hQ9iGj3aDfklV4ET7NjKpSinLpJ5vafa9iiGIEZg10SfBw==",
      "requires": {
        "react-is": "^16.7.0"
      }
    },
    "immer": {
      "version": "9.0.3",
      "resolved": "https://registry.npmjs.org/immer/-/immer-9.0.3.tgz",
      "integrity": "sha512-mONgeNSMuyjIe0lkQPa9YhdmTv8P19IeHV0biYhcXhbd5dhdB9HSK93zBpyKjp6wersSUgT5QyU0skmejUVP2A=="
    },
    "js-tokens": {
      "version": "4.0.0",
      "resolved": "https://registry.npmjs.org/js-tokens/-/js-tokens-4.0.0.tgz",
      "integrity": "sha512-RdJUflcE3cUzKiMqQgsCu06FPu9UdIJO0beYbPhHN4k6apgJtifcoCtT9bcxOpYBtpD2kCM6Sbzg4CausW/PKQ=="
    },
    "jwt-decode": {
      "version": "3.1.2",
      "resolved": "https://registry.npmjs.org/jwt-decode/-/jwt-decode-3.1.2.tgz",
      "integrity": "sha512-UfpWE/VZn0iP50d8cz9NrZLM9lSWhcJ+0Gt/nm4by88UL+J1SiKN8/5dkjMmbEzwL2CAe+67GsegCbIKtbp75A=="
    },
    "lodash.merge": {
      "version": "4.6.2",
      "resolved": "https://registry.npmjs.org/lodash.merge/-/lodash.merge-4.6.2.tgz",
      "integrity": "sha512-0KpjqXRVvrYyCsX1swR/XTK0va6VQkQM6MNo7PqW77ByjAhoARA8EfrP1N4+KlKj8YS0ZUCtRT/YUuhyYDujIQ=="
    },
    "loose-envify": {
      "version": "1.4.0",
      "resolved": "https://registry.npmjs.org/loose-envify/-/loose-envify-1.4.0.tgz",
      "integrity": "sha512-lyuxPGr/Wfhrlem2CL/UcnUc1zcqKAImBDzukY7Y5F/yQiNdko6+fRLevlw1HgMySw7f611UIY408EtxRSoK3Q==",
      "requires": {
        "js-tokens": "^3.0.0 || ^4.0.0"
      }
    },
    "object-assign": {
      "version": "4.1.1",
      "resolved": "https://registry.npmjs.org/object-assign/-/object-assign-4.1.1.tgz",
      "integrity": "sha1-IQmtx5ZYh8/AXLvUQsrIv7s2CGM="
    },
    "paho-mqtt": {
      "version": "1.1.0",
      "resolved": "https://registry.npmjs.org/paho-mqtt/-/paho-mqtt-1.1.0.tgz",
      "integrity": "sha512-KPbL9KAB0ASvhSDbOrZBaccXS+/s7/LIofbPyERww8hM5Ko71GUJQ6Nmg0BWqj8phAIT8zdf/Sd/RftHU9i2HA=="
    },
    "prop-types": {
      "version": "15.7.2",
      "resolved": "https://registry.npmjs.org/prop-types/-/prop-types-15.7.2.tgz",
      "integrity": "sha512-8QQikdH7//R2vurIJSutZ1smHYTcLpRWEOlHnzcWHmBYrOGUysKwSsrC89BCiFj3CbrfJ/nXFdJepOVrY1GCHQ==",
      "requires": {
        "loose-envify": "^1.4.0",
        "object-assign": "^4.1.1",
        "react-is": "^16.8.1"
      }
    },
    "react-is": {
      "version": "16.13.1",
      "resolved": "https://registry.npmjs.org/react-is/-/react-is-16.13.1.tgz",
      "integrity": "sha512-24e6ynE2H+OKt4kqsOvNd8kBpV65zoxbA4BVsEOB3ARVWQki/DHzaUoC5KuON/BiccDaCCTZBuOcfZs70kR8bQ=="
    },
    "react-redux": {
      "version": "7.2.4",
      "resolved": "https://registry.npmjs.org/react-redux/-/react-redux-7.2.4.tgz",
      "integrity": "sha512-hOQ5eOSkEJEXdpIKbnRyl04LhaWabkDPV+Ix97wqQX3T3d2NQ8DUblNXXtNMavc7DpswyQM6xfaN4HQDKNY2JA==",
      "requires": {
        "@babel/runtime": "^7.12.1",
        "@types/react-redux": "^7.1.16",
        "hoist-non-react-statics": "^3.3.2",
        "loose-envify": "^1.4.0",
        "prop-types": "^15.7.2",
        "react-is": "^16.13.1"
      }
    },
    "redux": {
      "version": "4.1.0",
      "resolved": "https://registry.npmjs.org/redux/-/redux-4.1.0.tgz",
      "integrity": "sha512-uI2dQN43zqLWCt6B/BMGRMY6db7TTY4qeHHfGeKb3EOhmOKjU3KdWvNLJyqaHRksv/ErdNH7cFZWg9jXtewy4g==",
      "requires": {
        "@babel/runtime": "^7.9.2"
      }
    },
    "redux-thunk": {
      "version": "2.3.0",
      "resolved": "https://registry.npmjs.org/redux-thunk/-/redux-thunk-2.3.0.tgz",
      "integrity": "sha512-km6dclyFnmcvxhAcrQV2AkZmPQjzPDjgVlQtR0EQjxZPyJ0BnMf3in1ryuR8A2qU0HldVRfxYXbFSKlI3N7Slw=="
    },
    "regenerator-runtime": {
      "version": "0.13.7",
      "resolved": "https://registry.npmjs.org/regenerator-runtime/-/regenerator-runtime-0.13.7.tgz",
      "integrity": "sha512-a54FxoJDIr27pgf7IgeQGxmqUNYrcV338lf/6gH456HZ/PhX+5BcwHXG9ajESmwe6WRO0tAzRUrRmNONWgkrew=="
    },
    "reselect": {
      "version": "4.0.0",
      "resolved": "https://registry.npmjs.org/reselect/-/reselect-4.0.0.tgz",
      "integrity": "sha512-qUgANli03jjAyGlnbYVAV5vvnOmJnODyABz51RdBN7M4WaVu8mecZWgyQNkG8Yqe3KRGRt0l4K4B3XVEULC4CA=="
    }
  }
}
